{
  "name": "peekdown-frontend",
  "lockfileVersion": 3,
  "requires": true,
  "packages": {
    "": {
      "name": "peekdown-frontend",
      "devDependencies": {
        "katex": "0.18.9",
        "marked": "15.0.7",
        "marked-katex-extension": "5.1.13"
      },
      "engines": {
        "node": ">=24"
      }
    },
    "node_modules/commander": {
      "version": "15.0.0",
      "resolved": "https://registry.npmjs.org/commander/-/commander-15.0.0.tgz",
      "integrity": "sha512-z67u4ZhzCL/Tydu1lJARtEZYWbWaN7oYLHbsuzocr6y4N6WZAagG3RQ4FW61V1/0+jImpj293XfrcYnd1qxtPg==",
      "dev": true,
      "license": "MIT",
      "engines": {
        "node": ">=22.12.0"
      }
    },
    "node_modules/katex": {
      "version": "0.18.9",
      "resolved": "https://registry.npmjs.org/katex/-/katex-0.18.9.tgz",
      "integrity": "sha512-8ad9RyoKsb/g8/yLFE+KAlP+DhbCTRUNi/V9XGsxn0R+trJJltNwzcDNo0q/DEkOy5fQUQTAQyCXCYSE+OakTQ==",
      "dev": true,
      "funding": [
        "https://opencollective.com/katex",
        "https://github.com/sponsors/katex"
      ],
      "license": "MIT",
      "dependencies": {
        "commander": "^15.0.0"
      },
      "bin": {
        "katex": "cli.js"
      }
    },
    "node_modules/marked": {
      "version": "15.0.7",
      "resolved": "https://registry.npmjs.org/marked/-/marked-15.0.7.tgz",
      "integrity": "sha512-dgLIeKGLx5FwziAnsk4ONoGwHwGPJzselimvlVskE9XLN4Orv9u2VA3GWw/lYUqjfA0rUT/6fqKwfZJapP9BEg==",
      "dev": true,
      "license": "MIT",
      "bin": {
        "marked": "bin/marked.js"
      },
      "engines": {
        "node": ">= 18"
      }
    },
    "node_modules/marked-katex-extension": {
      "version": "5.1.13",
      "resolved": "https://registry.npmjs.org/marked-katex-extension/-/marked-katex-extension-5.1.13.tgz",
      "integrity": "sha512-+6gVygGg5at9g+YsuIQZk7XcAc6Pg1P0grEJKEWvF7DAwceZ7ZIvU0fhQe6auUqSbnPmSjJxZuICdSCdbGaFRw==",
      "dev": true,
      "license": "MIT",
      "peerDependencies": {
        "katex": ">=0.16 <0.19",
        "marked": ">=4 <19"
      }
    }
  }
}
